// !$*UTF8*$!
{
	archiveVersion = 1;
	classes = {
	};
	objectVersion = 50;
	objects = {

/* Begin PBXBuildFile section */
		2D51BC10234EFF8800EFEC23 /* AppDelegate.swift in Sources */ = {isa = PBXBuildFile; fileRef = 2D51BC0F234EFF8800EFEC23 /* AppDelegate.swift */; };
		2D51BC12234EFF8800EFEC23 /* SceneDelegate.swift in Sources */ = {isa = PBXBuildFile; fileRef = 2D51BC11234EFF8800EFEC23 /* SceneDelegate.swift */; };
		2D51BC14234EFF8800EFEC23 /* ViewController.swift in Sources */ = {isa = PBXBuildFile; fileRef = 2D51BC13234EFF8800EFEC23 /* ViewController.swift */; };
		2D51BC17234EFF8800EFEC23 /* Main.storyboard in Resources */ = {isa = PBXBuildFile; fileRef = 2D51BC15234EFF8800EFEC23 /* Main.storyboard */; };
		2D51BC19234EFF8900EFEC23 /* Assets.xcassets in Resources */ = {isa = PBXBuildFile; fileRef = 2D51BC18234EFF8900EFEC23 /* Assets.xcassets */; };
		2D51BC1C234EFF8900EFEC23 /* LaunchScreen.storyboard in Resources */ = {isa = PBXBuildFile; fileRef = 2D51BC1A234EFF8900EFEC23 /* LaunchScreen.storyboard */; };
		2D51BC27234EFF8900EFEC23 /* sampleIosTests.swift in Sources */ = {isa = PBXBuildFile; fileRef = 2D51BC26234EFF8900EFEC23 /* sampleIosTests.swift */; };
		2D51BC32234EFF8900EFEC23 /* sampleIosUITests.swift in Sources */ = {isa = PBXBuildFile; fileRef = 2D51BC31234EFF8900EFEC23 /* sampleIosUITests.swift */; };
		2D51BC40234F005300EFEC23 /* back_arrow.png in Resources */ = {isa = PBXBuildFile; fileRef = 2D51BC3F234F005300EFEC23 /* back_arrow.png */; };
		2D5E86602359F0C200DCB306 /* trip_Check.png in Resources */ = {isa = PBXBuildFile; fileRef = 2D5E865F2359F0C200DCB306 /* trip_Check.png */; };
/* End PBXBuildFile section */

/* Begin PBXContainerItemProxy section */
		2D51BC23234EFF8900EFEC23 /* PBXContainerItemProxy */ = {
			isa = PBXContainerItemProxy;
			containerPortal = 2D51BC04234EFF8800EFEC23 /* Project object */;
			proxyType = 1;
			remoteGlobalIDString = 2D51BC0B234EFF8800EFEC23;
			remoteInfo = sampleIos;
		};
		2D51BC2E234EFF8900EFEC23 /* PBXContainerItemProxy */ = {
			isa = PBXContainerItemProxy;
			containerPortal = 2D51BC04234EFF8800EFEC23 /* Project object */;
			proxyType = 1;
			remoteGlobalIDString = 2D51BC0B234EFF8800EFEC23;
			remoteInfo = sampleIos;
		};
/* End PBXContainerItemProxy section */

/* Begin PBXFileReference section */
		2D51BC0C234EFF8800EFEC23 /* sampleIos.app */ = {isa = PBXFileReference; explicitFileType = wrapper.application; includeInIndex = 0; path = sampleIos.app; sourceTree = BUILT_PRODUCTS_DIR; };
		2D51BC0F234EFF8800EFEC23 /* AppDelegate.swift */ = {isa = PBXFileReference; lastKnownFileType = sourcecode.swift; path = AppDelegate.swift; sourceTree = "<group>"; };
		2D51BC11234EFF8800EFEC23 /* SceneDelegate.swift */ = {isa = PBXFileReference; lastKnownFileType = sourcecode.swift; path = SceneDelegate.swift; sourceTree = "<group>"; };
		2D51BC13234EFF8800EFEC23 /* ViewController.swift */ = {isa = PBXFileReference; lastKnownFileType = sourcecode.swift; path = ViewController.swift; sourceTree = "<group>"; };
		2D51BC16234EFF8800EFEC23 /* Base */ = {isa = PBXFileReference; lastKnownFileType = file.storyboard; name = Base; path = Base.lproj/Main.storyboard; sourceTree = "<group>"; };
		2D51BC18234EFF8900EFEC23 /* Assets.xcassets */ = {isa = PBXFileReference; lastKnownFileType = folder.assetcatalog; path = Assets.xcassets; sourceTree = "<group>"; };
		2D51BC1B234EFF8900EFEC23 /* Base */ = {isa = PBXFileReference; lastKnownFileType = file.storyboard; name = Base; path = Base.lproj/LaunchScreen.storyboard; sourceTree = "<group>"; };
		2D51BC1D234EFF8900EFEC23 /* Info.plist */ = {isa = PBXFileReference; lastKnownFileType = text.plist.xml; path = Info.plist; sourceTree = "<group>"; };
		2D51BC22234EFF8900EFEC23 /* sampleIosTests.xctest */ = {isa = PBXFileReference; explicitFileType = wrapper.cfbundle; includeInIndex = 0; path = sampleIosTests.xctest; sourceTree = BUILT_PRODUCTS_DIR; };
		2D51BC26234EFF8900EFEC23 /* sampleIosTests.swift */ = {isa = PBXFileReference; lastKnownFileType = sourcecode.swift; path = sampleIosTests.swift; sourceTree = "<group>"; };
		2D51BC28234EFF8900EFEC23 /* Info.plist */ = {isa = PBXFileReference; lastKnownFileType = text.plist.xml; path = Info.plist; sourceTree = "<group>"; };
		2D51BC2D234EFF8900EFEC23 /* sampleIosUITests.xctest */ = {isa = PBXFileReference; explicitFileType = wrapper.cfbundle; includeInIndex = 0; path = sampleIosUITests.xctest; sourceTree = BUILT_PRODUCTS_DIR; };
		2D51BC31234EFF8900EFEC23 /* sampleIosUITests.swift */ = {isa = PBXFileReference; lastKnownFileType = sourcecode.swift; path = sampleIosUITests.swift; sourceTree = "<group>"; };
		2D51BC33234EFF8900EFEC23 /* Info.plist */ = {isa = PBXFileReference; lastKnownFileType = text.plist.xml; path = Info.plist; sourceTree = "<group>"; };
		2D51BC3F234F005300EFEC23 /* back_arrow.png */ = {isa = PBXFileReference; lastKnownFileType = image.png; path = back_arrow.png; sourceTree = "<group>"; };
		2D5E865F2359F0C200DCB306 /* trip_Check.png */ = {isa = PBXFileReference; lastKnownFileType = image.png; name = trip_Check.png; path = ../../trip_Check.png; sourceTree = "<group>"; };
/* End PBXFileReference section */

/* Begin PBXFrameworksBuildPhase section */
		2D51BC09234EFF8800EFEC23 /* Frameworks */ = {
			isa = PBXFrameworksBuildPhase;
			buildActionMask = 2147483647;
			files = (
			);
			runOnlyForDeploymentPostprocessing = 0;
		};
		2D51BC1F234EFF8900EFEC23 /* Frameworks */ = {
			isa = PBXFrameworksBuildPhase;
			buildActionMask = 2147483647;
			files = (
			);
			runOnlyForDeploymentPostprocessing = 0;
		};
		2D51BC2A234EFF8900EFEC23 /* Frameworks */ = {
			isa = PBXFrameworksBuildPhase;
			buildActionMask = 2147483647;
			files = (
			);
			runOnlyForDeploymentPostprocessing = 0;
		};
/* End PBXFrameworksBuildPhase section */

/* Begin PBXGroup section */
		2D51BC03234EFF8800EFEC23 = {
			isa = PBXGroup;
			children = (
				2D51BC0E234EFF8800EFEC23 /* sampleIos */,
				2D51BC25234EFF8900EFEC23 /* sampleIosTests */,
				2D51BC30234EFF8900EFEC23 /* sampleIosUITests */,
				2D51BC0D234EFF8800EFEC23 /* Products */,
			);
			sourceTree = "<group>";
		};
		2D51BC0D234EFF8800EFEC23 /* Products */ = {
			isa = PBXGroup;
			children = (
				2D51BC0C234EFF8800EFEC23 /* sampleIos.app */,
				2D51BC22234EFF8900EFEC23 /* sampleIosTests.xctest */,
				2D51BC2D234EFF8900EFEC23 /* sampleIosUITests.xctest */,
			);
			name = Products;
			sourceTree = "<group>";
		};
		2D51BC0E234EFF8800EFEC23 /* sampleIos */ = {
			isa = PBXGroup;
			children = (
				2D51BC0F234EFF8800EFEC23 /* AppDelegate.swift */,
				2D51BC11234EFF8800EFEC23 /* SceneDelegate.swift */,
				2D51BC13234EFF8800EFEC23 /* ViewController.swift */,
				2D51BC3F234F005300EFEC23 /* back_arrow.png */,
				2D5E865F2359F0C200DCB306 /* trip_Check.png */,
				2D51BC15234EFF8800EFEC23 /* Main.storyboard */,
				2D51BC18234EFF8900EFEC23 /* Assets.xcassets */,
				2D51BC1A234EFF8900EFEC23 /* LaunchScreen.storyboard */,
				2D51BC1D234EFF8900EFEC23 /* Info.plist */,
			);
			path = sampleIos;
			sourceTree = "<group>";
		};
		2D51BC25234EFF8900EFEC23 /* sampleIosTests */ = {
			isa = PBXGroup;
			children = (
				2D51BC26234EFF8900EFEC23 /* sampleIosTests.swift */,
				2D51BC28234EFF8900EFEC23 /* Info.plist */,
			);
			path = sampleIosTests;
			sourceTree = "<group>";
		};
		2D51BC30234EFF8900EFEC23 /* sampleIosUITests */ = {
			isa = PBXGroup;
			children = (
				2D51BC31234EFF8900EFEC23 /* sampleIosUITests.swift */,
				2D51BC33234EFF8900EFEC23 /* Info.plist */,
			);
			path = sampleIosUITests;
			sourceTree = "<group>";
		};
/* End PBXGroup section */

/* Begin PBXNativeTarget section */
		2D51BC0B234EFF8800EFEC23 /* sampleIos */ = {
			isa = PBXNativeTarget;
			buildConfigurationList = 2D51BC36234EFF8900EFEC23 /* Build configuration list for PBXNativeTarget "sampleIos" */;
			buildPhases = (
				2D51BC08234EFF8800EFEC23 /* Sources */,
				2D51BC09234EFF8800EFEC23 /* Frameworks */,
				2D51BC0A234EFF8800EFEC23 /* Resources */,
			);
			buildRules = (
			);
			dependencies = (
			);
			name = sampleIos;
			productName = sampleIos;
			productReference = 2D51BC0C234EFF8800EFEC23 /* sampleIos.app */;
			productType = "com.apple.product-type.application";
		};
		2D51BC21234EFF8900EFEC23 /* sampleIosTests */ = {
			isa = PBXNativeTarget;
			buildConfigurationList = 2D51BC39234EFF8900EFEC23 /* Build configuration list for PBXNativeTarget "sampleIosTests" */;
			buildPhases = (
				2D51BC1E234EFF8900EFEC23 /* Sources */,
				2D51BC1F234EFF8900EFEC23 /* Frameworks */,
				2D51BC20234EFF8900EFEC23 /* Resources */,
			);
			buildRules = (
			);
			dependencies = (
				2D51BC24234EFF8900EFEC23 /* PBXTargetDependency */,
			);
			name = sampleIosTests;
			productName = sampleIosTests;
			productReference = 2D51BC22234EFF8900EFEC23 /* sampleIosTests.xctest */;
			productType = "com.apple.product-type.bundle.unit-test";
		};
		2D51BC2C234EFF8900EFEC23 /* sampleIosUITests */ = {
			isa = PBXNativeTarget;
			buildConfigurationList = 2D51BC3C234EFF8900EFEC23 /* Build configuration list for PBXNativeTarget "sampleIosUITests" */;
			buildPhases = (
				2D51BC29234EFF8900EFEC23 /* Sources */,
				2D51BC2A234EFF8900EFEC23 /* Frameworks */,
				2D51BC2B234EFF8900EFEC23 /* Resources */,
			);
			buildRules = (
			);
			dependencies = (
				2D51BC2F234EFF8900EFEC23 /* PBXTargetDependency */,
			);
			name = sampleIosUITests;
			productName = sampleIosUITests;
			productReference = 2D51BC2D234EFF8900EFEC23 /* sampleIosUITests.xctest */;
			productType = "com.apple.product-type.bundle.ui-testing";
		};
/* End PBXNativeTarget section */

/* Begin PBXProject section */
		2D51BC04234EFF8800EFEC23 /* Project object */ = {
			isa = PBXProject;
			attributes = {
				LastSwiftUpdateCheck = 1110;
				LastUpgradeCheck = 1110;
				ORGANIZATIONNAME = "Divya Lingam";
				TargetAttributes = {
					2D51BC0B234EFF8800EFEC23 = {
						CreatedOnToolsVersion = 11.1;
					};
					2D51BC21234EFF8900EFEC23 = {
						CreatedOnToolsVersion = 11.1;
						TestTargetID = 2D51BC0B234EFF8800EFEC23;
					};
					2D51BC2C234EFF8900EFEC23 = {
						CreatedOnToolsVersion = 11.1;
						TestTargetID = 2D51BC0B234EFF8800EFEC23;
					};
				};
			};
			buildConfigurationList = 2D51BC07234EFF8800EFEC23 /* Build configuration list for PBXProject "sampleIos" */;
			compatibilityVersion = "Xcode 9.3";
			developmentRegion = en;
			hasScannedForEncodings = 0;
			knownRegions = (
				en,
				Base,
			);
			mainGroup = 2D51BC03234EFF8800EFEC23;
			productRefGroup = 2D51BC0D234EFF8800EFEC23 /* Products */;
			projectDirPath = "";
			projectRoot = "";
			targets = (
				2D51BC0B234EFF8800EFEC23 /* sampleIos */,
				2D51BC21234EFF8900EFEC23 /* sampleIosTests */,
				2D51BC2C234EFF8900EFEC23 /* sampleIosUITests */,
			);
		};
/* End PBXProject section */

/* Begin PBXResourcesBuildPhase section */
		2D51BC0A234EFF8800EFEC23 /* Resources */ = {
			isa = PBXResourcesBuildPhase;
			buildActionMask = 2147483647;
			files = (
				2D5E86602359F0C200DCB306 /* trip_Check.png in Resources */,
				2D51BC40234F005300EFEC23 /* back_arrow.png in Resources */,
				2D51BC1C234EFF8900EFEC23 /* LaunchScreen.storyboard in Resources */,
				2D51BC19234EFF8900EFEC23 /* Assets.xcassets in Resources */,
				2D51BC17234EFF8800EFEC23 /* Main.storyboard in Resources */,
			);
			runOnlyForDeploymentPostprocessing = 0;
		};
		2D51BC20234EFF8900EFEC23 /* Resources */ = {
			isa = PBXResourcesBuildPhase;
			buildActionMask = 2147483647;
			files = (
			);
			runOnlyForDeploymentPostprocessing = 0;
		};
		2D51BC2B234EFF8900EFEC23 /* Resources */ = {
			isa = PBXResourcesBuildPhase;
			buildActionMask = 2147483647;
			files = (
			);
			runOnlyForDeploymentPostprocessing = 0;
		};
/* End PBXResourcesBuildPhase section */

/* Begin PBXSourcesBuildPhase section */
		2D51BC08234EFF8800EFEC23 /* Sources */ = {
			isa = PBXSourcesBuildPhase;
			buildActionMask = 2147483647;
			files = (
				2D51BC14234EFF8800EFEC23 /* ViewController.swift in Sources */,
				2D51BC10234EFF8800EFEC23 /* AppDelegate.swift in Sources */,
				2D51BC12234EFF8800EFEC23 /* SceneDelegate.swift in Sources */,
			);
			runOnlyForDeploymentPostprocessing = 0;
		};
		2D51BC1E234EFF8900EFEC23 /* Sources */ = {
			isa = PBXSourcesBuildPhase;
			buildActionMask = 2147483647;
			files = (
				2D51BC27234EFF8900EFEC23 /* sampleIosTests.swift in Sources */,
			);
			runOnlyForDeploymentPostprocessing = 0;
		};
		2D51BC29234EFF8900EFEC23 /* Sources */ = {
			isa = PBXSourcesBuildPhase;
			buildActionMask = 2147483647;
			files = (
				2D51BC32234EFF8900EFEC23 /* sampleIosUITests.swift in Sources */,
			);
			runOnlyForDeploymentPostprocessing = 0;
		};
/* End PBXSourcesBuildPhase section */

/* Begin PBXTargetDependency section */
		2D51BC24234EFF8900EFEC23 /* PBXTargetDependency */ = {
			isa = PBXTargetDependency;
			target = 2D51BC0B234EFF8800EFEC23 /* sampleIos */;
			targetProxy = 2D51BC23234EFF8900EFEC23 /* PBXContainerItemProxy */;
		};
		2D51BC2F234EFF8900EFEC23 /* PBXTargetDependency */ = {
			isa = PBXTargetDependency;
			target = 2D51BC0B234EFF8800EFEC23 /* sampleIos */;
			targetProxy = 2D51BC2E234EFF8900EFEC23 /* PBXContainerItemProxy */;
		};
/* End PBXTargetDependency section */

/* Begin PBXVariantGroup section */
		2D51BC15234EFF8800EFEC23 /* Main.storyboard */ = {
			isa = PBXVariantGroup;
			children = (
				2D51BC16234EFF8800EFEC23 /* Base */,
			);
			name = Main.storyboard;
			sourceTree = "<group>";
		};
		2D51BC1A234EFF8900EFEC23 /* LaunchScreen.storyboard */ = {
			isa = PBXVariantGroup;
			children = (
				2D51BC1B234EFF8900EFEC23 /* Base */,
			);
			name = LaunchScreen.storyboard;
			sourceTree = "<group>";
		};
/* End PBXVariantGroup section */

/* Begin XCBuildConfiguration section */
		2D51BC34234EFF8900EFEC23 /* Debug */ = {
			isa = XCBuildConfiguration;
			buildSettings = {
				ALWAYS_SEARCH_USER_PATHS = NO;
				CLANG_ANALYZER_NONNULL = YES;
				CLANG_ANALYZER_NUMBER_OBJECT_CONVERSION = YES_AGGRESSIVE;
				CLANG_CXX_LANGUAGE_STANDARD = "gnu++14";
				CLANG_CXX_LIBRARY = "libc++";
				CLANG_ENABLE_MODULES = YES;
				CLANG_ENABLE_OBJC_ARC = YES;
				CLANG_ENABLE_OBJC_WEAK = YES;
				CLANG_WARN_BLOCK_CAPTURE_AUTORELEASING = YES;
				CLANG_WARN_BOOL_CONVERSION = YES;
				CLANG_WARN_COMMA = YES;
				CLANG_WARN_CONSTANT_CONVERSION = YES;
				CLANG_WARN_DEPRECATED_OBJC_IMPLEMENTATIONS = YES;
				CLANG_WARN_DIRECT_OBJC_ISA_USAGE = YES_ERROR;
				CLANG_WARN_DOCUMENTATION_COMMENTS = YES;
				CLANG_WARN_EMPTY_BODY = YES;
				CLANG_WARN_ENUM_CONVERSION = YES;
				CLANG_WARN_INFINITE_RECURSION = YES;
				CLANG_WARN_INT_CONVERSION = YES;
				CLANG_WARN_NON_LITERAL_NULL_CONVERSION = YES;
				CLANG_WARN_OBJC_IMPLICIT_RETAIN_SELF = YES;
				CLANG_WARN_OBJC_LITERAL_CONVERSION = YES;
				CLANG_WARN_OBJC_ROOT_CLASS = YES_ERROR;
				CLANG_WARN_RANGE_LOOP_ANALYSIS = YES;
				CLANG_WARN_STRICT_PROTOTYPES = YES;
				CLANG_WARN_SUSPICIOUS_MOVE = YES;
				CLANG_WARN_UNGUARDED_AVAILABILITY = YES_AGGRESSIVE;
				CLANG_WARN_UNREACHABLE_CODE = YES;
				CLANG_WARN__DUPLICATE_METHOD_MATCH = YES;
				COPY_PHASE_STRIP = NO;
				DEBUG_INFORMATION_FORMAT = dwarf;
				ENABLE_STRICT_OBJC_MSGSEND = YES;
				ENABLE_TESTABILITY = YES;
				GCC_C_LANGUAGE_STANDARD = gnu11;
				GCC_DYNAMIC_NO_PIC = NO;
				GCC_NO_COMMON_BLOCKS = YES;
				GCC_OPTIMIZATION_LEVEL = 0;
				GCC_PREPROCESSOR_DEFINITIONS = (
					"DEBUG=1",
					"$(inherited)",
				);
				GCC_WARN_64_TO_32_BIT_CONVERSION = YES;
				GCC_WARN_ABOUT_RETURN_TYPE = YES_ERROR;
				GCC_WARN_UNDECLARED_SELECTOR = YES;
				GCC_WARN_UNINITIALIZED_AUTOS = YES_AGGRESSIVE;
				GCC_WARN_UNUSED_FUNCTION = YES;
				GCC_WARN_UNUSED_VARIABLE = YES;
				IPHONEOS_DEPLOYMENT_TARGET = 13.1;
				MTL_ENABLE_DEBUG_INFO = INCLUDE_SOURCE;
				MTL_FAST_MATH = YES;
				ONLY_ACTIVE_ARCH = YES;
				SDKROOT = iphoneos;
				SWIFT_ACTIVE_COMPILATION_CONDITIONS = DEBUG;
				SWIFT_OPTIMIZATION_LEVEL = "-Onone";
			};
			name = Debug;
		};
		2D51BC35234EFF8900EFEC23 /* Release */ = {
			isa = XCBuildConfiguration;
			buildSettings = {
				ALWAYS_SEARCH_USER_PATHS = NO;
				CLANG_ANALYZER_NONNULL = YES;
				CLANG_ANALYZER_NUMBER_OBJECT_CONVERSION = YES_AGGRESSIVE;
				CLANG_CXX_LANGUAGE_STANDARD = "gnu++14";
				CLANG_CXX_LIBRARY = "libc++";
				CLANG_ENABLE_MODULES = YES;
				CLANG_ENABLE_OBJC_ARC = YES;
				CLANG_ENABLE_OBJC_WEAK = YES;
				CLANG_WARN_BLOCK_CAPTURE_AUTORELEASING = YES;
				CLANG_WARN_BOOL_CONVERSION = YES;
				CLANG_WARN_COMMA = YES;
				CLANG_WARN_CONSTANT_CONVERSION = YES;
				CLANG_WARN_DEPRECATED_OBJC_IMPLEMENTATIONS = YES;
				CLANG_WARN_DIRECT_OBJC_ISA_USAGE = YES_ERROR;
				CLANG_WARN_DOCUMENTATION_COMMENTS = YES;
				CLANG_WARN_EMPTY_BODY = YES;
				CLANG_WARN_ENUM_CONVERSION = YES;
				CLANG_WARN_INFINITE_RECURSION = YES;
				CLANG_WARN_INT_CONVERSION = YES;
				CLANG_WARN_NON_LITERAL_NULL_CONVERSION = YES;
				CLANG_WARN_OBJC_IMPLICIT_RETAIN_SELF = YES;
				CLANG_WARN_OBJC_LITERAL_CONVERSION = YES;
				CLANG_WARN_OBJC_ROOT_CLASS = YES_ERROR;
				CLANG_WARN_RANGE_LOOP_ANALYSIS = YES;
				CLANG_WARN_STRICT_PROTOTYPES = YES;
				CLANG_WARN_SUSPICIOUS_MOVE = YES;
				CLANG_WARN_UNGUARDED_AVAILABILITY = YES_AGGRESSIVE;
				CLANG_WARN_UNREACHABLE_CODE = YES;
				CLANG_WARN__DUPLICATE_METHOD_MATCH = YES;
				COPY_PHASE_STRIP = NO;
				DEBUG_INFORMATION_FORMAT = "dwarf-with-dsym";
				ENABLE_NS_ASSERTIONS = NO;
				ENABLE_STRICT_OBJC_MSGSEND = YES;
				GCC_C_LANGUAGE_STANDARD = gnu11;
				GCC_NO_COMMON_BLOCKS = YES;
				GCC_WARN_64_TO_32_BIT_CONVERSION = YES;
				GCC_WARN_ABOUT_RETURN_TYPE = YES_ERROR;
				GCC_WARN_UNDECLARED_SELECTOR = YES;
				GCC_WARN_UNINITIALIZED_AUTOS = YES_AGGRESSIVE;
				GCC_WARN_UNUSED_FUNCTION = YES;
				GCC_WARN_UNUSED_VARIABLE = YES;
				IPHONEOS_DEPLOYMENT_TARGET = 13.1;
				MTL_ENABLE_DEBUG_INFO = NO;
				MTL_FAST_MATH = YES;
				SDKROOT = iphoneos;
				SWIFT_COMPILATION_MODE = wholemodule;
				SWIFT_OPTIMIZATION_LEVEL = "-O";
				VALIDATE_PRODUCT = YES;
			};
			name = Release;
		};
		2D51BC37234EFF8900EFEC23 /* Debug */ = {
			isa = XCBuildConfiguration;
			buildSettings = {
				ASSETCATALOG_COMPILER_APPICON_NAME = AppIcon;
				CODE_SIGN_STYLE = Automatic;
				INFOPLIST_FILE = sampleIos/Info.plist;
				LD_RUNPATH_SEARCH_PATHS = (
					"$(inherited)",
					"@executable_path/Frameworks",
				);
				PRODUCT_BUNDLE_IDENTIFIER = com.sample.sampleIos;
				PRODUCT_NAME = "$(TARGET_NAME)";
				SWIFT_VERSION = 5.0;
				TARGETED_DEVICE_FAMILY = "1,2";
			};
			name = Debug;
		};
		2D51BC38234EFF8900EFEC23 /* Release */ = {
			isa = XCBuildConfiguration;
			buildSettings = {
				ASSETCATALOG_COMPILER_APPICON_NAME = AppIcon;
				CODE_SIGN_STYLE = Automatic;
				INFOPLIST_FILE = sampleIos/Info.plist;
				LD_RUNPATH_SEARCH_PATHS = (
					"$(inherited)",
					"@executable_path/Frameworks",
				);
				PRODUCT_BUNDLE_IDENTIFIER = com.sample.sampleIos;
				PRODUCT_NAME = "$(TARGET_NAME)";
				SWIFT_VERSION = 5.0;
				TARGETED_DEVICE_FAMILY = "1,2";
			};
			name = Release;
		};
		2D51BC3A234EFF8900EFEC23 /* Debug */ = {
			isa = XCBuildConfiguration;
			buildSettings = {
				ALWAYS_EMBED_SWIFT_STANDARD_LIBRARIES = YES;
				BUNDLE_LOADER = "$(TEST_HOST)";
				CODE_SIGN_STYLE = Automatic;
				INFOPLIST_FILE = sampleIosTests/Info.plist;
				IPHONEOS_DEPLOYMENT_TARGET = 13.1;
				LD_RUNPATH_SEARCH_PATHS = (
					"$(inherited)",
					"@executable_path/Frameworks",
					"@loader_path/Frameworks",
				);
				PRODUCT_BUNDLE_IDENTIFIER = com.sample.sampleIosTests;
				PRODUCT_NAME = "$(TARGET_NAME)";
				SWIFT_VERSION = 5.0;
				TARGETED_DEVICE_FAMILY = "1,2";
				TEST_HOST = "$(BUILT_PRODUCTS_DIR)/sampleIos.app/sampleIos";
			};
			name = Debug;
		};
		2D51BC3B234EFF8900EFEC23 /* Release */ = {
			isa = XCBuildConfiguration;
			buildSettings = {
				ALWAYS_EMBED_SWIFT_STANDARD_LIBRARIES = YES;
				BUNDLE_LOADER = "$(TEST_HOST)";
				CODE_SIGN_STYLE = Automatic;
				INFOPLIST_FILE = sampleIosTests/Info.plist;
				IPHONEOS_DEPLOYMENT_TARGET = 13.1;
				LD_RUNPATH_SEARCH_PATHS = (
					"$(inherited)",
					"@executable_path/Frameworks",
					"@loader_path/Frameworks",
				);
				PRODUCT_BUNDLE_IDENTIFIER = com.sample.sampleIosTests;
				PRODUCT_NAME = "$(TARGET_NAME)";
				SWIFT_VERSION = 5.0;
				TARGETED_DEVICE_FAMILY = "1,2";
				TEST_HOST = "$(BUILT_PRODUCTS_DIR)/sampleIos.app/sampleIos";
			};
			name = Release;
		};
		2D51BC3D234EFF8900EFEC23 /* Debug */ = {
			isa = XCBuildConfiguration;
			buildSettings = {
				ALWAYS_EMBED_SWIFT_STANDARD_LIBRARIES = YES;
				CODE_SIGN_STYLE = Automatic;
				INFOPLIST_FILE = sampleIosUITests/Info.plist;
				LD_RUNPATH_SEARCH_PATHS = (
					"$(inherited)",
					"@executable_path/Frameworks",
					"@loader_path/Frameworks",
				);
				PRODUCT_BUNDLE_IDENTIFIER = com.sample.sampleIosUITests;
				PRODUCT_NAME = "$(TARGET_NAME)";
				SWIFT_VERSION = 5.0;
				TARGETED_DEVICE_FAMILY = "1,2";
				TEST_TARGET_NAME = sampleIos;
			};
			name = Debug;
		};
		2D51BC3E234EFF8900EFEC23 /* Release */ = {
			isa = XCBuildConfiguration;
			buildSettings = {
				ALWAYS_EMBED_SWIFT_STANDARD_LIBRARIES = YES;
				CODE_SIGN_STYLE = Automatic;
				INFOPLIST_FILE = sampleIosUITests/Info.plist;
				LD_RUNPATH_SEARCH_PATHS = (
					"$(inherited)",
					"@executable_path/Frameworks",
					"@loader_path/Frameworks",
				);
				PRODUCT_BUNDLE_IDENTIFIER = com.sample.sampleIosUITests;
				PRODUCT_NAME = "$(TARGET_NAME)";
				SWIFT_VERSION = 5.0;
				TARGETED_DEVICE_FAMILY = "1,2";
				TEST_TARGET_NAME = sampleIos;
			};
			name = Release;
		};
/* End XCBuildConfiguration section */

/* Begin XCConfigurationList section */
		2D51BC07234EFF8800EFEC23 /* Build configuration list for PBXProject "sampleIos" */ = {
			isa = XCConfigurationList;
			buildConfigurations = (
				2D51BC34234EFF8900EFEC23 /* Debug */,
				2D51BC35234EFF8900EFEC23 /* Release */,
			);
			defaultConfigurationIsVisible = 0;
			defaultConfigurationName = Release;
		};
		2D51BC36234EFF8900EFEC23 /* Build configuration list for PBXNativeTarget "sampleIos" */ = {
			isa = XCConfigurationList;
			buildConfigurations = (
				2D51BC37234EFF8900EFEC23 /* Debug */,
				2D51BC38234EFF8900EFEC23 /* Release */,
			);
			defaultConfigurationIsVisible = 0;
			defaultConfigurationName = Release;
		};
		2D51BC39234EFF8900EFEC23 /* Build configuration list for PBXNativeTarget "sampleIosTests" */ = {
			isa = XCConfigurationList;
			buildConfigurations = (
				2D51BC3A234EFF8900EFEC23 /* Debug */,
				2D51BC3B234EFF8900EFEC23 /* Release */,
			);
			defaultConfigurationIsVisible = 0;
			defaultConfigurationName = Release;
		};
		2D51BC3C234EFF8900EFEC23 /* Build configuration list for PBXNativeTarget "sampleIosUITests" */ = {
			isa = XCConfigurationList;
			buildConfigurations = (
				2D51BC3D234EFF8900EFEC23 /* Debug */,
				2D51BC3E234EFF8900EFEC23 /* Release */,
			);
			defaultConfigurationIsVisible = 0;
			defaultConfigurationName = Release;
		};
/* End XCConfigurationList section */
	};
	rootObject = 2D51BC04234EFF8800EFEC23 /* Project object */;
}
